// !$*UTF8*$!
{
	archiveVersion = 1;
	classes = {
	};
	objectVersion = 48;
	objects = {

/* Begin PBXBuildFile section */
		3D01F97520B98A350042C8FD /* BarmeterViewController.swift in Sources */ = {isa = PBXBuildFile; fileRef = 3D01F97420B98A350042C8FD /* BarmeterViewController.swift */; };
		3D01F97720B9B2410042C8FD /* DonationsViewController.swift in Sources */ = {isa = PBXBuildFile; fileRef = 3D01F97620B9B2410042C8FD /* DonationsViewController.swift */; };
		3D01F97920B9B2500042C8FD /* HelpViewController.swift in Sources */ = {isa = PBXBuildFile; fileRef = 3D01F97820B9B2500042C8FD /* HelpViewController.swift */; };
		3D01F97B20B9B2660042C8FD /* AboutViewController.swift in Sources */ = {isa = PBXBuildFile; fileRef = 3D01F97A20B9B2660042C8FD /* AboutViewController.swift */; };
		3D2C710F20B6B55C00463A89 /* AccerlometerViewController.swift in Sources */ = {isa = PBXBuildFile; fileRef = 3D2C710E20B6B55C00463A89 /* AccerlometerViewController.swift */; };
		3D2C711120B6BCFA00463A89 /* GyroViewController.swift in Sources */ = {isa = PBXBuildFile; fileRef = 3D2C711020B6BCFA00463A89 /* GyroViewController.swift */; };
		3D2C711320B6C33E00463A89 /* MagneotometerViewController.swift in Sources */ = {isa = PBXBuildFile; fileRef = 3D2C711220B6C33E00463A89 /* MagneotometerViewController.swift */; };
		3D2C711920B6DCE600463A89 /* ProximityViewController.swift in Sources */ = {isa = PBXBuildFile; fileRef = 3D2C711820B6DCE600463A89 /* ProximityViewController.swift */; };
		3DFD5C76208CB9560021552F /* AppDelegate.swift in Sources */ = {isa = PBXBuildFile; fileRef = 3DFD5C75208CB9560021552F /* AppDelegate.swift */; };
		3DFD5C78208CB9560021552F /* ViewController.swift in Sources */ = {isa = PBXBuildFile; fileRef = 3DFD5C77208CB9560021552F /* ViewController.swift */; };
		3DFD5C7B208CB9560021552F /* Main.storyboard in Resources */ = {isa = PBXBuildFile; fileRef = 3DFD5C79208CB9560021552F /* Main.storyboard */; };
		3DFD5C7E208CB9560021552F /* Sensor_Battery_Consumption.xcdatamodeld in Sources */ = {isa = PBXBuildFile; fileRef = 3DFD5C7C208CB9560021552F /* Sensor_Battery_Consumption.xcdatamodeld */; };
		3DFD5C80208CB9560021552F /* Assets.xcassets in Resources */ = {isa = PBXBuildFile; fileRef = 3DFD5C7F208CB9560021552F /* Assets.xcassets */; };
		3DFD5C83208CB9560021552F /* LaunchScreen.storyboard in Resources */ = {isa = PBXBuildFile; fileRef = 3DFD5C81208CB9560021552F /* LaunchScreen.storyboard */; };
/* End PBXBuildFile section */

/* Begin PBXFileReference section */
		3D01F97420B98A350042C8FD /* BarmeterViewController.swift */ = {isa = PBXFileReference; lastKnownFileType = sourcecode.swift; path = BarmeterViewController.swift; sourceTree = "<group>"; };
		3D01F97620B9B2410042C8FD /* DonationsViewController.swift */ = {isa = PBXFileReference; lastKnownFileType = sourcecode.swift; path = DonationsViewController.swift; sourceTree = "<group>"; };
		3D01F97820B9B2500042C8FD /* HelpViewController.swift */ = {isa = PBXFileReference; lastKnownFileType = sourcecode.swift; path = HelpViewController.swift; sourceTree = "<group>"; };
		3D01F97A20B9B2660042C8FD /* AboutViewController.swift */ = {isa = PBXFileReference; lastKnownFileType = sourcecode.swift; path = AboutViewController.swift; sourceTree = "<group>"; };
		3D2C710E20B6B55C00463A89 /* AccerlometerViewController.swift */ = {isa = PBXFileReference; lastKnownFileType = sourcecode.swift; path = AccerlometerViewController.swift; sourceTree = "<group>"; };
		3D2C711020B6BCFA00463A89 /* GyroViewController.swift */ = {isa = PBXFileReference; lastKnownFileType = sourcecode.swift; path = GyroViewController.swift; sourceTree = "<group>"; };
		3D2C711220B6C33E00463A89 /* MagneotometerViewController.swift */ = {isa = PBXFileReference; lastKnownFileType = sourcecode.swift; path = MagneotometerViewController.swift; sourceTree = "<group>"; };
		3D2C711820B6DCE600463A89 /* ProximityViewController.swift */ = {isa = PBXFileReference; lastKnownFileType = sourcecode.swift; path = ProximityViewController.swift; sourceTree = "<group>"; };
		3DFD5C72208CB9560021552F /* Sensor Battery Consumption.app */ = {isa = PBXFileReference; explicitFileType = wrapper.application; includeInIndex = 0; path = "Sensor Battery Consumption.app"; sourceTree = BUILT_PRODUCTS_DIR; };
		3DFD5C75208CB9560021552F /* AppDelegate.swift */ = {isa = PBXFileReference; lastKnownFileType = sourcecode.swift; path = AppDelegate.swift; sourceTree = "<group>"; };
		3DFD5C77208CB9560021552F /* ViewController.swift */ = {isa = PBXFileReference; lastKnownFileType = sourcecode.swift; path = ViewController.swift; sourceTree = "<group>"; };
		3DFD5C7A208CB9560021552F /* Base */ = {isa = PBXFileReference; lastKnownFileType = file.storyboard; name = Base; path = Base.lproj/Main.storyboard; sourceTree = "<group>"; };
		3DFD5C7D208CB9560021552F /* Sensor_Battery_Consumption.xcdatamodel */ = {isa = PBXFileReference; lastKnownFileType = wrapper.xcdatamodel; path = Sensor_Battery_Consumption.xcdatamodel; sourceTree = "<group>"; };
		3DFD5C7F208CB9560021552F /* Assets.xcassets */ = {isa = PBXFileReference; lastKnownFileType = folder.assetcatalog; path = Assets.xcassets; sourceTree = "<group>"; };
		3DFD5C82208CB9560021552F /* Base */ = {isa = PBXFileReference; lastKnownFileType = file.storyboard; name = Base; path = Base.lproj/LaunchScreen.storyboard; sourceTree = "<group>"; };
		3DFD5C84208CB9560021552F /* Info.plist */ = {isa = PBXFileReference; lastKnownFileType = text.plist.xml; path = Info.plist; sourceTree = "<group>"; };
/* End PBXFileReference section */

/* Begin PBXFrameworksBuildPhase section */
		3DFD5C6F208CB9560021552F /* Frameworks */ = {
			isa = PBXFrameworksBuildPhase;
			buildActionMask = 2147483647;
			files = (
			);
			runOnlyForDeploymentPostprocessing = 0;
		};
/* End PBXFrameworksBuildPhase section */

/* Begin PBXGroup section */
		3DFD5C69208CB9550021552F = {
			isa = PBXGroup;
			children = (
				3DFD5C74208CB9560021552F /* Sensor Battery Consumption */,
				3DFD5C73208CB9560021552F /* Products */,
			);
			sourceTree = "<group>";
		};
		3DFD5C73208CB9560021552F /* Products */ = {
			isa = PBXGroup;
			children = (
				3DFD5C72208CB9560021552F /* Sensor Battery Consumption.app */,
			);
			name = Products;
			sourceTree = "<group>";
		};
		3DFD5C74208CB9560021552F /* Sensor Battery Consumption */ = {
			isa = PBXGroup;
			children = (
				3DFD5C75208CB9560021552F /* AppDelegate.swift */,
				3DFD5C77208CB9560021552F /* ViewController.swift */,
				3D2C711020B6BCFA00463A89 /* GyroViewController.swift */,
				3D2C710E20B6B55C00463A89 /* AccerlometerViewController.swift */,
				3D2C711220B6C33E00463A89 /* MagneotometerViewController.swift */,
				3D2C711820B6DCE600463A89 /* ProximityViewController.swift */,
				3D01F97420B98A350042C8FD /* BarmeterViewController.swift */,
				3D01F97620B9B2410042C8FD /* DonationsViewController.swift */,
				3D01F97820B9B2500042C8FD /* HelpViewController.swift */,
				3D01F97A20B9B2660042C8FD /* AboutViewController.swift */,
				3DFD5C79208CB9560021552F /* Main.storyboard */,
				3DFD5C7F208CB9560021552F /* Assets.xcassets */,
				3DFD5C81208CB9560021552F /* LaunchScreen.storyboard */,
				3DFD5C84208CB9560021552F /* Info.plist */,
				3DFD5C7C208CB9560021552F /* Sensor_Battery_Consumption.xcdatamodeld */,
			);
			path = "Sensor Battery Consumption";
			sourceTree = "<group>";
		};
/* End PBXGroup section */

/* Begin PBXNativeTarget section */
		3DFD5C71208CB9560021552F /* Sensor Battery Consumption */ = {
			isa = PBXNativeTarget;
			buildConfigurationList = 3DFD5C87208CB9560021552F /* Build configuration list for PBXNativeTarget "Sensor Battery Consumption" */;
			buildPhases = (
				3DFD5C6E208CB9560021552F /* Sources */,
				3DFD5C6F208CB9560021552F /* Frameworks */,
				3DFD5C70208CB9560021552F /* Resources */,
			);
			buildRules = (
			);
			dependencies = (
			);
			name = "Sensor Battery Consumption";
			productName = "Sensor Battery Consumption";
			productReference = 3DFD5C72208CB9560021552F /* Sensor Battery Consumption.app */;
			productType = "com.apple.product-type.application";
		};
/* End PBXNativeTarget section */

/* Begin PBXProject section */
		3DFD5C6A208CB9550021552F /* Project object */ = {
			isa = PBXProject;
			attributes = {
				LastSwiftUpdateCheck = 0920;
				LastUpgradeCheck = 0920;
				ORGANIZATIONNAME = "Imran Majboor";
				TargetAttributes = {
					3DFD5C71208CB9560021552F = {
						CreatedOnToolsVersion = 9.2;
						ProvisioningStyle = Automatic;
					};
				};
			};
			buildConfigurationList = 3DFD5C6D208CB9550021552F /* Build configuration list for PBXProject "Sensor Battery Consumption" */;
			compatibilityVersion = "Xcode 8.0";
			developmentRegion = en;
			hasScannedForEncodings = 0;
			knownRegions = (
				en,
				Base,
			);
			mainGroup = 3DFD5C69208CB9550021552F;
			productRefGroup = 3DFD5C73208CB9560021552F /* Products */;
			projectDirPath = "";
			projectRoot = "";
			targets = (
				3DFD5C71208CB9560021552F /* Sensor Battery Consumption */,
			);
		};
/* End PBXProject section */

/* Begin PBXResourcesBuildPhase section */
		3DFD5C70208CB9560021552F /* Resources */ = {
			isa = PBXResourcesBuildPhase;
			buildActionMask = 2147483647;
			files = (
				3DFD5C83208CB9560021552F /* LaunchScreen.storyboard in Resources */,
				3DFD5C80208CB9560021552F /* Assets.xcassets in Resources */,
				3DFD5C7B208CB9560021552F /* Main.storyboard in Resources */,
			);
			runOnlyForDeploymentPostprocessing = 0;
		};
/* End PBXResourcesBuildPhase section */

/* Begin PBXSourcesBuildPhase section */
		3DFD5C6E208CB9560021552F /* Sources */ = {
			isa = PBXSourcesBuildPhase;
			buildActionMask = 2147483647;
			files = (
				3D2C711320B6C33E00463A89 /* MagneotometerViewController.swift in Sources */,
				3D2C710F20B6B55C00463A89 /* AccerlometerViewController.swift in Sources */,
				3D01F97B20B9B2660042C8FD /* AboutViewController.swift in Sources */,
				3DFD5C78208CB9560021552F /* ViewController.swift in Sources */,
				3D01F97720B9B2410042C8FD /* DonationsViewController.swift in Sources */,
				3D2C711920B6DCE600463A89 /* ProximityViewController.swift in Sources */,
				3D01F97520B98A350042C8FD /* BarmeterViewController.swift in Sources */,
				3D2C711120B6BCFA00463A89 /* GyroViewController.swift in Sources */,
				3DFD5C76208CB9560021552F /* AppDelegate.swift in Sources */,
				3DFD5C7E208CB9560021552F /* Sensor_Battery_Consumption.xcdatamodeld in Sources */,
				3D01F97920B9B2500042C8FD /* HelpViewController.swift in Sources */,
			);
			runOnlyForDeploymentPostprocessing = 0;
		};
/* End PBXSourcesBuildPhase section */

/* Begin PBXVariantGroup section */
		3DFD5C79208CB9560021552F /* Main.storyboard */ = {
			isa = PBXVariantGroup;
			children = (
				3DFD5C7A208CB9560021552F /* Base */,
			);
			name = Main.storyboard;
			sourceTree = "<group>";
		};
		3DFD5C81208CB9560021552F /* LaunchScreen.storyboard */ = {
			isa = PBXVariantGroup;
			children = (
				3DFD5C82208CB9560021552F /* Base */,
			);
			name = LaunchScreen.storyboard;
			sourceTree = "<group>";
		};
/* End PBXVariantGroup section */

/* Begin XCBuildConfiguration section */
		3DFD5C85208CB9560021552F /* Debug */ = {
			isa = XCBuildConfiguration;
			buildSettings = {
				ALWAYS_SEARCH_USER_PATHS = NO;
				CLANG_ANALYZER_NONNULL = YES;
				CLANG_ANALYZER_NUMBER_OBJECT_CONVERSION = YES_AGGRESSIVE;
				CLANG_CXX_LANGUAGE_STANDARD = "gnu++14";
				CLANG_CXX_LIBRARY = "libc++";
				CLANG_ENABLE_MODULES = YES;
				CLANG_ENABLE_OBJC_ARC = YES;
				CLANG_WARN_BLOCK_CAPTURE_AUTORELEASING = YES;
				CLANG_WARN_BOOL_CONVERSION = YES;
				CLANG_WARN_COMMA = YES;
				CLANG_WARN_CONSTANT_CONVERSION = YES;
				CLANG_WARN_DIRECT_OBJC_ISA_USAGE = YES_ERROR;
				CLANG_WARN_DOCUMENTATION_COMMENTS = YES;
				CLANG_WARN_EMPTY_BODY = YES;
				CLANG_WARN_ENUM_CONVERSION = YES;
				CLANG_WARN_INFINITE_RECURSION = YES;
				CLANG_WARN_INT_CONVERSION = YES;
				CLANG_WARN_NON_LITERAL_NULL_CONVERSION = YES;
				CLANG_WARN_OBJC_LITERAL_CONVERSION = YES;
				CLANG_WARN_OBJC_ROOT_CLASS = YES_ERROR;
				CLANG_WARN_RANGE_LOOP_ANALYSIS = YES;
				CLANG_WARN_STRICT_PROTOTYPES = YES;
				CLANG_WARN_SUSPICIOUS_MOVE = YES;
				CLANG_WARN_UNGUARDED_AVAILABILITY = YES_AGGRESSIVE;
				CLANG_WARN_UNREACHABLE_CODE = YES;
				CLANG_WARN__DUPLICATE_METHOD_MATCH = YES;
				CODE_SIGN_IDENTITY = "iPhone Developer";
				COPY_PHASE_STRIP = NO;
				DEBUG_INFORMATION_FORMAT = dwarf;
				ENABLE_STRICT_OBJC_MSGSEND = YES;
				ENABLE_TESTABILITY = YES;
				GCC_C_LANGUAGE_STANDARD = gnu11;
				GCC_DYNAMIC_NO_PIC = NO;
				GCC_NO_COMMON_BLOCKS = YES;
				GCC_OPTIMIZATION_LEVEL = 0;
				GCC_PREPROCESSOR_DEFINITIONS = (
					"DEBUG=1",
					"$(inherited)",
				);
				GCC_WARN_64_TO_32_BIT_CONVERSION = YES;
				GCC_WARN_ABOUT_RETURN_TYPE = YES_ERROR;
				GCC_WARN_UNDECLARED_SELECTOR = YES;
				GCC_WARN_UNINITIALIZED_AUTOS = YES_AGGRESSIVE;
				GCC_WARN_UNUSED_FUNCTION = YES;
				GCC_WARN_UNUSED_VARIABLE = YES;
				IPHONEOS_DEPLOYMENT_TARGET = 11.2;
				MTL_ENABLE_DEBUG_INFO = YES;
				ONLY_ACTIVE_ARCH = YES;
				SDKROOT = iphoneos;
				SWIFT_ACTIVE_COMPILATION_CONDITIONS = DEBUG;
				SWIFT_OPTIMIZATION_LEVEL = "-Onone";
			};
			name = Debug;
		};
		3DFD5C86208CB9560021552F /* Release */ = {
			isa = XCBuildConfiguration;
			buildSettings = {
				ALWAYS_SEARCH_USER_PATHS = NO;
				CLANG_ANALYZER_NONNULL = YES;
				CLANG_ANALYZER_NUMBER_OBJECT_CONVERSION = YES_AGGRESSIVE;
				CLANG_CXX_LANGUAGE_STANDARD = "gnu++14";
				CLANG_CXX_LIBRARY = "libc++";
				CLANG_ENABLE_MODULES = YES;
				CLANG_ENABLE_OBJC_ARC = YES;
				CLANG_WARN_BLOCK_CAPTURE_AUTORELEASING = YES;
				CLANG_WARN_BOOL_CONVERSION = YES;
				CLANG_WARN_COMMA = YES;
				CLANG_WARN_CONSTANT_CONVERSION = YES;
				CLANG_WARN_DIRECT_OBJC_ISA_USAGE = YES_ERROR;
				CLANG_WARN_DOCUMENTATION_COMMENTS = YES;
				CLANG_WARN_EMPTY_BODY = YES;
				CLANG_WARN_ENUM_CONVERSION = YES;
				CLANG_WARN_INFINITE_RECURSION = YES;
				CLANG_WARN_INT_CONVERSION = YES;
				CLANG_WARN_NON_LITERAL_NULL_CONVERSION = YES;
				CLANG_WARN_OBJC_LITERAL_CONVERSION = YES;
				CLANG_WARN_OBJC_ROOT_CLASS = YES_ERROR;
				CLANG_WARN_RANGE_LOOP_ANALYSIS = YES;
				CLANG_WARN_STRICT_PROTOTYPES = YES;
				CLANG_WARN_SUSPICIOUS_MOVE = YES;
				CLANG_WARN_UNGUARDED_AVAILABILITY = YES_AGGRESSIVE;
				CLANG_WARN_UNREACHABLE_CODE = YES;
				CLANG_WARN__DUPLICATE_METHOD_MATCH = YES;
				CODE_SIGN_IDENTITY = "iPhone Developer";
				COPY_PHASE_STRIP = NO;
				DEBUG_INFORMATION_FORMAT = "dwarf-with-dsym";
				ENABLE_NS_ASSERTIONS = NO;
				ENABLE_STRICT_OBJC_MSGSEND = YES;
				GCC_C_LANGUAGE_STANDARD = gnu11;
				GCC_NO_COMMON_BLOCKS = YES;
				GCC_WARN_64_TO_32_BIT_CONVERSION = YES;
				GCC_WARN_ABOUT_RETURN_TYPE = YES_ERROR;
				GCC_WARN_UNDECLARED_SELECTOR = YES;
				GCC_WARN_UNINITIALIZED_AUTOS = YES_AGGRESSIVE;
				GCC_WARN_UNUSED_FUNCTION = YES;
				GCC_WARN_UNUSED_VARIABLE = YES;
				IPHONEOS_DEPLOYMENT_TARGET = 11.2;
				MTL_ENABLE_DEBUG_INFO = NO;
				SDKROOT = iphoneos;
				SWIFT_OPTIMIZATION_LEVEL = "-Owholemodule";
				VALIDATE_PRODUCT = YES;
			};
			name = Release;
		};
		3DFD5C88208CB9560021552F /* Debug */ = {
			isa = XCBuildConfiguration;
			buildSettings = {
				ASSETCATALOG_COMPILER_APPICON_NAME = AppIcon;
				CODE_SIGN_STYLE = Automatic;
				DEVELOPMENT_TEAM = WGBHG5HM7B;
				INFOPLIST_FILE = "Sensor Battery Consumption/Info.plist";
				LD_RUNPATH_SEARCH_PATHS = "$(inherited) @executable_path/Frameworks";
				PRODUCT_BUNDLE_IDENTIFIER = "Imran.Sensor-Battery-Consumption";
				PRODUCT_NAME = "$(TARGET_NAME)";
				SWIFT_VERSION = 4.0;
				TARGETED_DEVICE_FAMILY = "1,2";
			};
			name = Debug;
		};
		3DFD5C89208CB9560021552F /* Release */ = {
			isa = XCBuildConfiguration;
			buildSettings = {
				ASSETCATALOG_COMPILER_APPICON_NAME = AppIcon;
				CODE_SIGN_STYLE = Automatic;
				DEVELOPMENT_TEAM = WGBHG5HM7B;
				INFOPLIST_FILE = "Sensor Battery Consumption/Info.plist";
				LD_RUNPATH_SEARCH_PATHS = "$(inherited) @executable_path/Frameworks";
				PRODUCT_BUNDLE_IDENTIFIER = "Imran.Sensor-Battery-Consumption";
				PRODUCT_NAME = "$(TARGET_NAME)";
				SWIFT_VERSION = 4.0;
				TARGETED_DEVICE_FAMILY = "1,2";
			};
			name = Release;
		};
/* End XCBuildConfiguration section */

/* Begin XCConfigurationList section */
		3DFD5C6D208CB9550021552F /* Build configuration list for PBXProject "Sensor Battery Consumption" */ = {
			isa = XCConfigurationList;
			buildConfigurations = (
				3DFD5C85208CB9560021552F /* Debug */,
				3DFD5C86208CB9560021552F /* Release */,
			);
			defaultConfigurationIsVisible = 0;
			defaultConfigurationName = Release;
		};
		3DFD5C87208CB9560021552F /* Build configuration list for PBXNativeTarget "Sensor Battery Consumption" */ = {
			isa = XCConfigurationList;
			buildConfigurations = (
				3DFD5C88208CB9560021552F /* Debug */,
				3DFD5C89208CB9560021552F /* Release */,
			);
			defaultConfigurationIsVisible = 0;
			defaultConfigurationName = Release;
		};
/* End XCConfigurationList section */

/* Begin XCVersionGroup section */
		3DFD5C7C208CB9560021552F /* Sensor_Battery_Consumption.xcdatamodeld */ = {
			isa = XCVersionGroup;
			children = (
				3DFD5C7D208CB9560021552F /* Sensor_Battery_Consumption.xcdatamodel */,
			);
			currentVersion = 3DFD5C7D208CB9560021552F /* Sensor_Battery_Consumption.xcdatamodel */;
			path = Sensor_Battery_Consumption.xcdatamodeld;
			sourceTree = "<group>";
			versionGroupType = wrapper.xcdatamodel;
		};
/* End XCVersionGroup section */
	};
	rootObject = 3DFD5C6A208CB9550021552F /* Project object */;
}
